lockfileVersion: '9.0'

settings:
  autoInstallPeers: true
  excludeLinksFromLockfile: false

importers:

  .:
    dependencies:
      lean-ctx-sdk:
        specifier: ^0.3.0
        version: 0.3.0

packages:

  lean-ctx-sdk@0.3.0:
    resolution: {integrity: sha512-5XymNlRFXVnPpB8sakVwsIChR+GOThDWzUTKP6QvQfqJVn9SeAyH74U+6QbdzLECjtyazqRT2jbcNuBRwjEdPA==}
    peerDependencies:
      ai: '>=3.0.0'
    peerDependenciesMeta:
      ai:
        optional: true

snapshots:

  lean-ctx-sdk@0.3.0: {}
